
Microsoft Visual Studio Solution File, Format Version 12.00
# Visual Studio Version 17
VisualStudioVersion = 17.4.33213.308
MinimumVisualStudioVersion = 10.0.40219.1
Project("{9A19103F-16F7-4668-BE54-9A1E7A4F7556}") = "AmberEnrollmentAPI", "AmberEnrollmentAPI.csproj", "{5A5679F5-A8EF-4D9A-B064-C2C7A8870782}"
EndProject
Project("{FAE04EC0-301F-11D3-BF4B-00C04F79EFBC}") = "Enrollment-FrontEnd", "..\Enrollment-FrontEnd\Enrollment-FrontEnd.csproj", "{9308C003-5D21-49EC-90FB-10F00EA49650}"
EndProject
Global
	GlobalSection(SolutionConfigurationPlatforms) = preSolution
		Debug|Any CPU = Debug|Any CPU
		Release|Any CPU = Release|Any CPU
	EndGlobalSection
	GlobalSection(ProjectConfigurationPlatforms) = postSolution
		{5A5679F5-A8EF-4D9A-B064-C2C7A8870782}.Debug|Any CPU.ActiveCfg = Debug|Any CPU
		{5A5679F5-A8EF-4D9A-B064-C2C7A8870782}.Debug|Any CPU.Build.0 = Debug|Any CPU
		{5A5679F5-A8EF-4D9A-B064-C2C7A8870782}.Release|Any CPU.ActiveCfg = Release|Any CPU
		{5A5679F5-A8EF-4D9A-B064-C2C7A8870782}.Release|Any CPU.Build.0 = Release|Any CPU
		{9308C003-5D21-49EC-90FB-10F00EA49650}.Debug|Any CPU.ActiveCfg = Debug|Any CPU
		{9308C003-5D21-49EC-90FB-10F00EA49650}.Debug|Any CPU.Build.0 = Debug|Any CPU
		{9308C003-5D21-49EC-90FB-10F00EA49650}.Release|Any CPU.ActiveCfg = Release|Any CPU
		{9308C003-5D21-49EC-90FB-10F00EA49650}.Release|Any CPU.Build.0 = Release|Any CPU
	EndGlobalSection
	GlobalSection(SolutionProperties) = preSolution
		HideSolutionNode = FALSE
	EndGlobalSection
	GlobalSection(ExtensibilityGlobals) = postSolution
		SolutionGuid = {243E9980-32BB-49EE-B28E-FDCF3079C8E4}
	EndGlobalSection
EndGlobal
